
Microsoft Visual Studio Solution File, Format Version 12.00
# Visual Studio Version 16
VisualStudioVersion = 16.0.31112.23
MinimumVisualStudioVersion = 10.0.40219.1
Project("{FAE04EC0-301F-11D3-BF4B-00C04F79EFBC}") = "kiosk", "kiosk.csproj", "{5EF83C3F-F8BA-46A7-B980-2E99404DB1E3}"
EndProject
Global
	GlobalSection(SolutionConfigurationPlatforms) = preSolution
		Debug|Any CPU = Debug|Any CPU
		Release|Any CPU = Release|Any CPU
	EndGlobalSection
	GlobalSection(ProjectConfigurationPlatforms) = postSolution
		{5EF83C3F-F8BA-46A7-B980-2E99404DB1E3}.Debug|Any CPU.ActiveCfg = Debug|Any CPU
		{5EF83C3F-F8BA-46A7-B980-2E99404DB1E3}.Debug|Any CPU.Build.0 = Debug|Any CPU
		{5EF83C3F-F8BA-46A7-B980-2E99404DB1E3}.Release|Any CPU.ActiveCfg = Release|Any CPU
		{5EF83C3F-F8BA-46A7-B980-2E99404DB1E3}.Release|Any CPU.Build.0 = Release|Any CPU
	EndGlobalSection
	GlobalSection(SolutionProperties) = preSolution
		HideSolutionNode = FALSE
	EndGlobalSection
	GlobalSection(ExtensibilityGlobals) = postSolution
		SolutionGuid = {480CD468-DF48-44EC-AC58-B79103C7D87B}
	EndGlobalSection
EndGlobal
